
Microsoft Visual Studio Solution File, Format Version 12.00
# Visual Studio Version 17
VisualStudioVersion = 17.4.33122.133
MinimumVisualStudioVersion = 10.0.40219.1
Project("{FAE04EC0-301F-11D3-BF4B-00C04F79EFBC}") = "Ara3D.RevitSampleBrowser", "Ara3D.RevitSampleBrowser.csproj", "{EF12A6B4-ADE7-438D-A469-6A590548C266}"
EndProject
Project("{9A19103F-16F7-4668-BE54-9A1E7A4F7556}") = "DevUtils", "..\utils\MultiSampleDevUtils\DevUtils.csproj", "{612B32B1-2CC3-4506-AC0A-3CD7EA4E2F09}"
EndProject
Project("{2150E333-8FDC-42A3-9474-1A3956D46DE8}") = "solution items", "solution items", "{4FFA90CA-2621-44DD-AFF6-BB4BCADB88EA}"
	ProjectSection(SolutionItems) = preProject
		..\.gitignore = ..\.gitignore
		help.txt = help.txt
		..\LICENSE.txt = ..\LICENSE.txt
		..\README.md = ..\README.md
	EndProjectSection
EndProject
Global
	GlobalSection(SolutionConfigurationPlatforms) = preSolution
		Debug|Any CPU = Debug|Any CPU
		Debug|x64 = Debug|x64
		Release|Any CPU = Release|Any CPU
		Release|x64 = Release|x64
	EndGlobalSection
	GlobalSection(ProjectConfigurationPlatforms) = postSolution
		{EF12A6B4-ADE7-438D-A469-6A590548C266}.Debug|Any CPU.ActiveCfg = Debug|x64
		{EF12A6B4-ADE7-438D-A469-6A590548C266}.Debug|Any CPU.Build.0 = Debug|x64
		{EF12A6B4-ADE7-438D-A469-6A590548C266}.Debug|x64.ActiveCfg = Debug|x64
		{EF12A6B4-ADE7-438D-A469-6A590548C266}.Debug|x64.Build.0 = Debug|x64
		{EF12A6B4-ADE7-438D-A469-6A590548C266}.Release|Any CPU.ActiveCfg = Release|x64
		{EF12A6B4-ADE7-438D-A469-6A590548C266}.Release|Any CPU.Build.0 = Release|x64
		{EF12A6B4-ADE7-438D-A469-6A590548C266}.Release|x64.ActiveCfg = Release|x64
		{EF12A6B4-ADE7-438D-A469-6A590548C266}.Release|x64.Build.0 = Release|x64
		{612B32B1-2CC3-4506-AC0A-3CD7EA4E2F09}.Debug|Any CPU.ActiveCfg = Debug|Any CPU
		{612B32B1-2CC3-4506-AC0A-3CD7EA4E2F09}.Debug|Any CPU.Build.0 = Debug|Any CPU
		{612B32B1-2CC3-4506-AC0A-3CD7EA4E2F09}.Debug|x64.ActiveCfg = Debug|x64
		{612B32B1-2CC3-4506-AC0A-3CD7EA4E2F09}.Debug|x64.Build.0 = Debug|x64
		{612B32B1-2CC3-4506-AC0A-3CD7EA4E2F09}.Release|Any CPU.ActiveCfg = Release|Any CPU
		{612B32B1-2CC3-4506-AC0A-3CD7EA4E2F09}.Release|Any CPU.Build.0 = Release|Any CPU
		{612B32B1-2CC3-4506-AC0A-3CD7EA4E2F09}.Release|x64.ActiveCfg = Release|Any CPU
		{612B32B1-2CC3-4506-AC0A-3CD7EA4E2F09}.Release|x64.Build.0 = Release|Any CPU
	EndGlobalSection
	GlobalSection(SolutionProperties) = preSolution
		HideSolutionNode = FALSE
	EndGlobalSection
	GlobalSection(ExtensibilityGlobals) = postSolution
		SolutionGuid = {86716648-B2A7-40D7-9A4F-FB084BBBD550}
	EndGlobalSection
EndGlobal
